
Microsoft Visual Studio Solution File, Format Version 12.00
# Visual Studio 15
VisualStudioVersion = 15.0.27130.2027
MinimumVisualStudioVersion = 10.0.40219.1
Project("{2150E333-8FDC-42A3-9474-1A3956D46DE8}") = "Libraries", "Libraries", "{4E1C12DF-CEEF-4DF2-AAF2-518A9EF5B100}"
EndProject
Project("{FAE04EC0-301F-11D3-BF4B-00C04F79EFBC}") = "LSS.Core", "LSS.Core\LSS.Core.csproj", "{862E41FB-BD27-4CD9-9A2C-7F5B79930E36}"
EndProject
Project("{FAE04EC0-301F-11D3-BF4B-00C04F79EFBC}") = "LSS.Repository", "LSS.Repository\LSS.Repository.csproj", "{A499E9C4-C467-4210-B646-5F4F2C7A74D3}"
EndProject
Project("{FAE04EC0-301F-11D3-BF4B-00C04F79EFBC}") = "LSS.Service", "LSS.Service\LSS.Service.csproj", "{B9CDA740-7FA7-4712-8008-98EE80E226CF}"
EndProject
Project("{2150E333-8FDC-42A3-9474-1A3956D46DE8}") = "Web", "Web", "{11DBA5E9-02AC-4004-A4E7-1A7E4AF2CB2D}"
EndProject
Project("{FAE04EC0-301F-11D3-BF4B-00C04F79EFBC}") = "LSS.Web", "LSS.Web\LSS.Web.csproj", "{5208E761-FA4E-4DA4-BEE2-7E1582CF4B4F}"
EndProject
Global
	GlobalSection(SolutionConfigurationPlatforms) = preSolution
		Debug|Any CPU = Debug|Any CPU
		Release|Any CPU = Release|Any CPU
	EndGlobalSection
	GlobalSection(ProjectConfigurationPlatforms) = postSolution
		{862E41FB-BD27-4CD9-9A2C-7F5B79930E36}.Debug|Any CPU.ActiveCfg = Debug|Any CPU
		{862E41FB-BD27-4CD9-9A2C-7F5B79930E36}.Debug|Any CPU.Build.0 = Debug|Any CPU
		{862E41FB-BD27-4CD9-9A2C-7F5B79930E36}.Release|Any CPU.ActiveCfg = Release|Any CPU
		{862E41FB-BD27-4CD9-9A2C-7F5B79930E36}.Release|Any CPU.Build.0 = Release|Any CPU
		{A499E9C4-C467-4210-B646-5F4F2C7A74D3}.Debug|Any CPU.ActiveCfg = Debug|Any CPU
		{A499E9C4-C467-4210-B646-5F4F2C7A74D3}.Debug|Any CPU.Build.0 = Debug|Any CPU
		{A499E9C4-C467-4210-B646-5F4F2C7A74D3}.Release|Any CPU.ActiveCfg = Release|Any CPU
		{A499E9C4-C467-4210-B646-5F4F2C7A74D3}.Release|Any CPU.Build.0 = Release|Any CPU
		{B9CDA740-7FA7-4712-8008-98EE80E226CF}.Debug|Any CPU.ActiveCfg = Debug|Any CPU
		{B9CDA740-7FA7-4712-8008-98EE80E226CF}.Debug|Any CPU.Build.0 = Debug|Any CPU
		{B9CDA740-7FA7-4712-8008-98EE80E226CF}.Release|Any CPU.ActiveCfg = Release|Any CPU
		{B9CDA740-7FA7-4712-8008-98EE80E226CF}.Release|Any CPU.Build.0 = Release|Any CPU
		{5208E761-FA4E-4DA4-BEE2-7E1582CF4B4F}.Debug|Any CPU.ActiveCfg = Debug|Any CPU
		{5208E761-FA4E-4DA4-BEE2-7E1582CF4B4F}.Debug|Any CPU.Build.0 = Debug|Any CPU
		{5208E761-FA4E-4DA4-BEE2-7E1582CF4B4F}.Release|Any CPU.ActiveCfg = Release|Any CPU
		{5208E761-FA4E-4DA4-BEE2-7E1582CF4B4F}.Release|Any CPU.Build.0 = Release|Any CPU
	EndGlobalSection
	GlobalSection(SolutionProperties) = preSolution
		HideSolutionNode = FALSE
	EndGlobalSection
	GlobalSection(NestedProjects) = preSolution
		{862E41FB-BD27-4CD9-9A2C-7F5B79930E36} = {4E1C12DF-CEEF-4DF2-AAF2-518A9EF5B100}
		{A499E9C4-C467-4210-B646-5F4F2C7A74D3} = {4E1C12DF-CEEF-4DF2-AAF2-518A9EF5B100}
		{B9CDA740-7FA7-4712-8008-98EE80E226CF} = {4E1C12DF-CEEF-4DF2-AAF2-518A9EF5B100}
		{5208E761-FA4E-4DA4-BEE2-7E1582CF4B4F} = {11DBA5E9-02AC-4004-A4E7-1A7E4AF2CB2D}
	EndGlobalSection
	GlobalSection(ExtensibilityGlobals) = postSolution
		SolutionGuid = {37FC86CB-6773-4EE8-A99D-985C2C9B6B70}
	EndGlobalSection
EndGlobal
